
Microsoft Visual Studio Solution File, Format Version 12.00
# Visual Studio Version 17
VisualStudioVersion = 17.5.33502.453
MinimumVisualStudioVersion = 10.0.40219.1
Project("{FAE04EC0-301F-11D3-BF4B-00C04F79EFBC}") = "PR_Lab4", "PR_Lab4\PR_Lab4.csproj", "{6CCB405B-2D26-45BF-827B-BBBE4835CD90}"
EndProject
Global
	GlobalSection(SolutionConfigurationPlatforms) = preSolution
		Debug|Any CPU = Debug|Any CPU
		Release|Any CPU = Release|Any CPU
	EndGlobalSection
	GlobalSection(ProjectConfigurationPlatforms) = postSolution
		{6CCB405B-2D26-45BF-827B-BBBE4835CD90}.Debug|Any CPU.ActiveCfg = Debug|Any CPU
		{6CCB405B-2D26-45BF-827B-BBBE4835CD90}.Debug|Any CPU.Build.0 = Debug|Any CPU
		{6CCB405B-2D26-45BF-827B-BBBE4835CD90}.Release|Any CPU.ActiveCfg = Release|Any CPU
		{6CCB405B-2D26-45BF-827B-BBBE4835CD90}.Release|Any CPU.Build.0 = Release|Any CPU
	EndGlobalSection
	GlobalSection(SolutionProperties) = preSolution
		HideSolutionNode = FALSE
	EndGlobalSection
	GlobalSection(ExtensibilityGlobals) = postSolution
		SolutionGuid = {8D00D154-D11B-4328-98E6-882E5C3616EF}
	EndGlobalSection
EndGlobal
